
Microsoft Visual Studio Solution File, Format Version 12.00
# Visual Studio 14
VisualStudioVersion = 14.0.25420.1
MinimumVisualStudioVersion = 10.0.40219.1
Project("{FAE04EC0-301F-11D3-BF4B-00C04F79EFBC}") = "WatchDog", "WatchDog\WatchDog.csproj", "{FFDC0B09-1BC3-4C8E-9EFA-98A651428FD5}"
EndProject
Project("{FAE04EC0-301F-11D3-BF4B-00C04F79EFBC}") = "WatchdogLib", "WatchdogLib\WatchdogLib.csproj", "{4BC93E50-963A-4471-922F-801810B9EFC2}"
EndProject
Project("{FAE04EC0-301F-11D3-BF4B-00C04F79EFBC}") = "Utilities", "..\Utilities\Utilities.csproj", "{2530B029-8F53-4455-A8C9-127C9934A3AF}"
EndProject
Project("{FAE04EC0-301F-11D3-BF4B-00C04F79EFBC}") = "CrashingApplication", "CrashingApplication\CrashingApplication.csproj", "{FCCC3B45-A3F6-4E68-899F-2553AFA20C71}"
EndProject
Project("{FAE04EC0-301F-11D3-BF4B-00C04F79EFBC}") = "WatchdogClientLib", "WatchdogClientLib\WatchdogClientLib.csproj", "{8668150C-C05F-43CA-9624-873ADA5828F9}"
EndProject
Global
	GlobalSection(SolutionConfigurationPlatforms) = preSolution
		Debug|Any CPU = Debug|Any CPU
		Debug|x64 = Debug|x64
		Release|Any CPU = Release|Any CPU
		Release|x64 = Release|x64
	EndGlobalSection
	GlobalSection(ProjectConfigurationPlatforms) = postSolution
		{FFDC0B09-1BC3-4C8E-9EFA-98A651428FD5}.Debug|Any CPU.ActiveCfg = Debug|Any CPU
		{FFDC0B09-1BC3-4C8E-9EFA-98A651428FD5}.Debug|Any CPU.Build.0 = Debug|Any CPU
		{FFDC0B09-1BC3-4C8E-9EFA-98A651428FD5}.Debug|x64.ActiveCfg = Debug|x64
		{FFDC0B09-1BC3-4C8E-9EFA-98A651428FD5}.Debug|x64.Build.0 = Debug|x64
		{FFDC0B09-1BC3-4C8E-9EFA-98A651428FD5}.Release|Any CPU.ActiveCfg = Release|Any CPU
		{FFDC0B09-1BC3-4C8E-9EFA-98A651428FD5}.Release|Any CPU.Build.0 = Release|Any CPU
		{FFDC0B09-1BC3-4C8E-9EFA-98A651428FD5}.Release|x64.ActiveCfg = Release|x64
		{FFDC0B09-1BC3-4C8E-9EFA-98A651428FD5}.Release|x64.Build.0 = Release|x64
		{4BC93E50-963A-4471-922F-801810B9EFC2}.Debug|Any CPU.ActiveCfg = Debug|Any CPU
		{4BC93E50-963A-4471-922F-801810B9EFC2}.Debug|Any CPU.Build.0 = Debug|Any CPU
		{4BC93E50-963A-4471-922F-801810B9EFC2}.Debug|x64.ActiveCfg = Debug|x64
		{4BC93E50-963A-4471-922F-801810B9EFC2}.Debug|x64.Build.0 = Debug|x64
		{4BC93E50-963A-4471-922F-801810B9EFC2}.Release|Any CPU.ActiveCfg = Release|Any CPU
		{4BC93E50-963A-4471-922F-801810B9EFC2}.Release|Any CPU.Build.0 = Release|Any CPU
		{4BC93E50-963A-4471-922F-801810B9EFC2}.Release|x64.ActiveCfg = Release|x64
		{4BC93E50-963A-4471-922F-801810B9EFC2}.Release|x64.Build.0 = Release|x64
		{2530B029-8F53-4455-A8C9-127C9934A3AF}.Debug|Any CPU.ActiveCfg = Debug|Any CPU
		{2530B029-8F53-4455-A8C9-127C9934A3AF}.Debug|Any CPU.Build.0 = Debug|Any CPU
		{2530B029-8F53-4455-A8C9-127C9934A3AF}.Debug|x64.ActiveCfg = Debug|x64
		{2530B029-8F53-4455-A8C9-127C9934A3AF}.Debug|x64.Build.0 = Debug|x64
		{2530B029-8F53-4455-A8C9-127C9934A3AF}.Release|Any CPU.ActiveCfg = Release|Any CPU
		{2530B029-8F53-4455-A8C9-127C9934A3AF}.Release|Any CPU.Build.0 = Release|Any CPU
		{2530B029-8F53-4455-A8C9-127C9934A3AF}.Release|x64.ActiveCfg = Release|x64
		{2530B029-8F53-4455-A8C9-127C9934A3AF}.Release|x64.Build.0 = Release|x64
		{FCCC3B45-A3F6-4E68-899F-2553AFA20C71}.Debug|Any CPU.ActiveCfg = Debug|Any CPU
		{FCCC3B45-A3F6-4E68-899F-2553AFA20C71}.Debug|Any CPU.Build.0 = Debug|Any CPU
		{FCCC3B45-A3F6-4E68-899F-2553AFA20C71}.Debug|x64.ActiveCfg = Debug|Any CPU
		{FCCC3B45-A3F6-4E68-899F-2553AFA20C71}.Debug|x64.Build.0 = Debug|Any CPU
		{FCCC3B45-A3F6-4E68-899F-2553AFA20C71}.Release|Any CPU.ActiveCfg = Release|Any CPU
		{FCCC3B45-A3F6-4E68-899F-2553AFA20C71}.Release|Any CPU.Build.0 = Release|Any CPU
		{FCCC3B45-A3F6-4E68-899F-2553AFA20C71}.Release|x64.ActiveCfg = Release|Any CPU
		{FCCC3B45-A3F6-4E68-899F-2553AFA20C71}.Release|x64.Build.0 = Release|Any CPU
		{8668150C-C05F-43CA-9624-873ADA5828F9}.Debug|Any CPU.ActiveCfg = Debug|Any CPU
		{8668150C-C05F-43CA-9624-873ADA5828F9}.Debug|Any CPU.Build.0 = Debug|Any CPU
		{8668150C-C05F-43CA-9624-873ADA5828F9}.Debug|x64.ActiveCfg = Debug|Any CPU
		{8668150C-C05F-43CA-9624-873ADA5828F9}.Debug|x64.Build.0 = Debug|Any CPU
		{8668150C-C05F-43CA-9624-873ADA5828F9}.Release|Any CPU.ActiveCfg = Release|Any CPU
		{8668150C-C05F-43CA-9624-873ADA5828F9}.Release|Any CPU.Build.0 = Release|Any CPU
		{8668150C-C05F-43CA-9624-873ADA5828F9}.Release|x64.ActiveCfg = Release|Any CPU
		{8668150C-C05F-43CA-9624-873ADA5828F9}.Release|x64.Build.0 = Release|Any CPU
	EndGlobalSection
	GlobalSection(SolutionProperties) = preSolution
		HideSolutionNode = FALSE
	EndGlobalSection
EndGlobal
