
Microsoft Visual Studio Solution File, Format Version 12.00
# Visual Studio Version 16
VisualStudioVersion = 16.0.29806.167
MinimumVisualStudioVersion = 10.0.40219.1
Project("{FAE04EC0-301F-11D3-BF4B-00C04F79EFBC}") = "WatchDog", "WatchDog\WatchDog.csproj", "{FFDC0B09-1BC3-4C8E-9EFA-98A651428FD5}"
EndProject
Project("{FAE04EC0-301F-11D3-BF4B-00C04F79EFBC}") = "WatchdogLib", "WatchdogLib\WatchdogLib.csproj", "{4BC93E50-963A-4471-922F-801810B9EFC2}"
EndProject
Project("{FAE04EC0-301F-11D3-BF4B-00C04F79EFBC}") = "Utilities", "Utilities\Utilities.csproj", "{B306ADDA-8617-4746-ABA2-C36DEA9B6145}"
EndProject
Global
	GlobalSection(SolutionConfigurationPlatforms) = preSolution
		Debug|Any CPU = Debug|Any CPU
		Debug|x64 = Debug|x64
		Release|Any CPU = Release|Any CPU
		Release|x64 = Release|x64
	EndGlobalSection
	GlobalSection(ProjectConfigurationPlatforms) = postSolution
		{FFDC0B09-1BC3-4C8E-9EFA-98A651428FD5}.Debug|Any CPU.ActiveCfg = Debug|Any CPU
		{FFDC0B09-1BC3-4C8E-9EFA-98A651428FD5}.Debug|Any CPU.Build.0 = Debug|Any CPU
		{FFDC0B09-1BC3-4C8E-9EFA-98A651428FD5}.Debug|x64.ActiveCfg = Debug|Any CPU
		{FFDC0B09-1BC3-4C8E-9EFA-98A651428FD5}.Debug|x64.Build.0 = Debug|Any CPU
		{FFDC0B09-1BC3-4C8E-9EFA-98A651428FD5}.Release|Any CPU.ActiveCfg = Release|Any CPU
		{FFDC0B09-1BC3-4C8E-9EFA-98A651428FD5}.Release|Any CPU.Build.0 = Release|Any CPU
		{FFDC0B09-1BC3-4C8E-9EFA-98A651428FD5}.Release|x64.ActiveCfg = Release|Any CPU
		{FFDC0B09-1BC3-4C8E-9EFA-98A651428FD5}.Release|x64.Build.0 = Release|Any CPU
		{4BC93E50-963A-4471-922F-801810B9EFC2}.Debug|Any CPU.ActiveCfg = Debug|Any CPU
		{4BC93E50-963A-4471-922F-801810B9EFC2}.Debug|Any CPU.Build.0 = Debug|Any CPU
		{4BC93E50-963A-4471-922F-801810B9EFC2}.Debug|x64.ActiveCfg = Debug|Any CPU
		{4BC93E50-963A-4471-922F-801810B9EFC2}.Debug|x64.Build.0 = Debug|Any CPU
		{4BC93E50-963A-4471-922F-801810B9EFC2}.Release|Any CPU.ActiveCfg = Release|Any CPU
		{4BC93E50-963A-4471-922F-801810B9EFC2}.Release|Any CPU.Build.0 = Release|Any CPU
		{4BC93E50-963A-4471-922F-801810B9EFC2}.Release|x64.ActiveCfg = Release|Any CPU
		{4BC93E50-963A-4471-922F-801810B9EFC2}.Release|x64.Build.0 = Release|Any CPU
		{B306ADDA-8617-4746-ABA2-C36DEA9B6145}.Debug|Any CPU.ActiveCfg = Debug|Any CPU
		{B306ADDA-8617-4746-ABA2-C36DEA9B6145}.Debug|Any CPU.Build.0 = Debug|Any CPU
		{B306ADDA-8617-4746-ABA2-C36DEA9B6145}.Debug|x64.ActiveCfg = Debug|Any CPU
		{B306ADDA-8617-4746-ABA2-C36DEA9B6145}.Debug|x64.Build.0 = Debug|Any CPU
		{B306ADDA-8617-4746-ABA2-C36DEA9B6145}.Release|Any CPU.ActiveCfg = Release|Any CPU
		{B306ADDA-8617-4746-ABA2-C36DEA9B6145}.Release|Any CPU.Build.0 = Release|Any CPU
		{B306ADDA-8617-4746-ABA2-C36DEA9B6145}.Release|x64.ActiveCfg = Release|Any CPU
		{B306ADDA-8617-4746-ABA2-C36DEA9B6145}.Release|x64.Build.0 = Release|Any CPU
	EndGlobalSection
	GlobalSection(SolutionProperties) = preSolution
		HideSolutionNode = FALSE
	EndGlobalSection
	GlobalSection(ExtensibilityGlobals) = postSolution
		SolutionGuid = {12F14A09-55B1-4428-86E0-1813C82429D0}
	EndGlobalSection
EndGlobal
